
Microsoft Visual Studio Solution File, Format Version 12.00
# Visual Studio 15
VisualStudioVersion = 15.0.28307.1231
MinimumVisualStudioVersion = 10.0.40219.1
Project("{159641D6-6404-4A2A-AE62-294DE0FE8301}") = "parte 2", "parte 2\parte 2.dtproj", "{F01262DD-171D-4D49-9A08-930526DE8E8E}"
EndProject
Global
	GlobalSection(SolutionConfigurationPlatforms) = preSolution
		Development|Default = Development|Default
	EndGlobalSection
	GlobalSection(ProjectConfigurationPlatforms) = postSolution
		{F01262DD-171D-4D49-9A08-930526DE8E8E}.Development|Default.ActiveCfg = Development
		{F01262DD-171D-4D49-9A08-930526DE8E8E}.Development|Default.Build.0 = Development
	EndGlobalSection
	GlobalSection(SolutionProperties) = preSolution
		HideSolutionNode = FALSE
	EndGlobalSection
	GlobalSection(ExtensibilityGlobals) = postSolution
		SolutionGuid = {22D7E181-03F8-4D1E-A837-D8B2CDF00131}
	EndGlobalSection
EndGlobal
