
Microsoft Visual Studio Solution File, Format Version 12.00
# Visual Studio Version 16
VisualStudioVersion = 16.0.30320.27
MinimumVisualStudioVersion = 10.0.40219.1
Project("{159641D6-6404-4A2A-AE62-294DE0FE8301}") = "Etl_Ejercicio2", "Etl_Ejercicio2\Etl_Ejercicio2.dtproj", "{CD95D0ED-9ADC-4548-BC23-78D25DC363C3}"
EndProject
Global
	GlobalSection(SolutionConfigurationPlatforms) = preSolution
		Development|Default = Development|Default
	EndGlobalSection
	GlobalSection(ProjectConfigurationPlatforms) = postSolution
		{CD95D0ED-9ADC-4548-BC23-78D25DC363C3}.Development|Default.ActiveCfg = Development
		{CD95D0ED-9ADC-4548-BC23-78D25DC363C3}.Development|Default.Build.0 = Development
	EndGlobalSection
	GlobalSection(SolutionProperties) = preSolution
		HideSolutionNode = FALSE
	EndGlobalSection
	GlobalSection(ExtensibilityGlobals) = postSolution
		SolutionGuid = {0BFEC99B-FCF9-469A-899F-A6E35D762067}
	EndGlobalSection
EndGlobal
