
Microsoft Visual Studio Solution File, Format Version 12.00
# Visual Studio Version 16
VisualStudioVersion = 16.0.30320.27
MinimumVisualStudioVersion = 10.0.40219.1
Project("{D2ABAB84-BF74-430A-B69E-9DC6D40DDA17}") = "Ejercicio2", "Ejercicio2\Ejercicio2.dwproj", "{066CDC1C-E12C-4FBC-980C-A472B2212531}"
EndProject
Global
	GlobalSection(SolutionConfigurationPlatforms) = preSolution
		Development|Default = Development|Default
	EndGlobalSection
	GlobalSection(ProjectConfigurationPlatforms) = postSolution
		{066CDC1C-E12C-4FBC-980C-A472B2212531}.Development|Default.ActiveCfg = Development
		{066CDC1C-E12C-4FBC-980C-A472B2212531}.Development|Default.Build.0 = Development
		{066CDC1C-E12C-4FBC-980C-A472B2212531}.Development|Default.Deploy.0 = Development
	EndGlobalSection
	GlobalSection(SolutionProperties) = preSolution
		HideSolutionNode = FALSE
	EndGlobalSection
	GlobalSection(ExtensibilityGlobals) = postSolution
		SolutionGuid = {341105F6-2FC4-4562-A1FE-05C4D1970E0F}
	EndGlobalSection
EndGlobal
