
Microsoft Visual Studio Solution File, Format Version 12.00
# Visual Studio 15
VisualStudioVersion = 15.0.28307.1231
MinimumVisualStudioVersion = 10.0.40219.1
Project("{159641D6-6404-4A2A-AE62-294DE0FE8301}") = "EJERCICIO1", "EJERCICIO1\EJERCICIO1.dtproj", "{208432E8-07B1-48E4-82A5-DF5247A395BB}"
EndProject
Global
	GlobalSection(SolutionConfigurationPlatforms) = preSolution
		Development|Default = Development|Default
	EndGlobalSection
	GlobalSection(ProjectConfigurationPlatforms) = postSolution
		{208432E8-07B1-48E4-82A5-DF5247A395BB}.Development|Default.ActiveCfg = Development
		{208432E8-07B1-48E4-82A5-DF5247A395BB}.Development|Default.Build.0 = Development
	EndGlobalSection
	GlobalSection(SolutionProperties) = preSolution
		HideSolutionNode = FALSE
	EndGlobalSection
	GlobalSection(ExtensibilityGlobals) = postSolution
		SolutionGuid = {42D34BE9-7BA2-4B65-B60F-CA55DCFED50F}
	EndGlobalSection
EndGlobal
