
Microsoft Visual Studio Solution File, Format Version 12.00
# Visual Studio Version 16
VisualStudioVersion = 16.0.30320.27
MinimumVisualStudioVersion = 10.0.40219.1
Project("{D2ABAB84-BF74-430A-B69E-9DC6D40DDA17}") = "Ejercicio1", "Ejercicio1\Ejercicio1.dwproj", "{ED37D2A5-8D43-413A-9418-A6FE1E470B43}"
EndProject
Global
	GlobalSection(SolutionConfigurationPlatforms) = preSolution
		Development|Default = Development|Default
	EndGlobalSection
	GlobalSection(ProjectConfigurationPlatforms) = postSolution
		{ED37D2A5-8D43-413A-9418-A6FE1E470B43}.Development|Default.ActiveCfg = Development
		{ED37D2A5-8D43-413A-9418-A6FE1E470B43}.Development|Default.Build.0 = Development
		{ED37D2A5-8D43-413A-9418-A6FE1E470B43}.Development|Default.Deploy.0 = Development
	EndGlobalSection
	GlobalSection(SolutionProperties) = preSolution
		HideSolutionNode = FALSE
	EndGlobalSection
	GlobalSection(ExtensibilityGlobals) = postSolution
		SolutionGuid = {A05F3745-71DA-4C04-A033-844D29A3F9DA}
	EndGlobalSection
EndGlobal
